// !$*UTF8*$!
{
	archiveVersion = 1;
	classes = {
	};
	objectVersion = 52;
	objects = {

/* Begin PBXBuildFile section */
		1FD128E124E80677007B42DF /* AppDelegate.swift in Sources */ = {isa = PBXBuildFile; fileRef = 1FD128E024E80677007B42DF /* AppDelegate.swift */; };
		1FD128E324E80677007B42DF /* SceneDelegate.swift in Sources */ = {isa = PBXBuildFile; fileRef = 1FD128E224E80677007B42DF /* SceneDelegate.swift */; };
		1FD128E524E80677007B42DF /* ContentView.swift in Sources */ = {isa = PBXBuildFile; fileRef = 1FD128E424E80677007B42DF /* ContentView.swift */; };
		1FD128E724E80679007B42DF /* Assets.xcassets in Resources */ = {isa = PBXBuildFile; fileRef = 1FD128E624E80679007B42DF /* Assets.xcassets */; };
		1FD128EA24E80679007B42DF /* Preview Assets.xcassets in Resources */ = {isa = PBXBuildFile; fileRef = 1FD128E924E80679007B42DF /* Preview Assets.xcassets */; };
		1FD128ED24E80679007B42DF /* LaunchScreen.storyboard in Resources */ = {isa = PBXBuildFile; fileRef = 1FD128EB24E80679007B42DF /* LaunchScreen.storyboard */; };
		1FD128F824E80679007B42DF /* CurrencyConverterTests.swift in Sources */ = {isa = PBXBuildFile; fileRef = 1FD128F724E80679007B42DF /* CurrencyConverterTests.swift */; };
		1FD1290324E80679007B42DF /* CurrencyConverterUITests.swift in Sources */ = {isa = PBXBuildFile; fileRef = 1FD1290224E80679007B42DF /* CurrencyConverterUITests.swift */; };
		E477BDCE2514C2E1006903AF /* TinyNetworking in Frameworks */ = {isa = PBXBuildFile; productRef = E477BDCD2514C2E1006903AF /* TinyNetworking */; };
/* End PBXBuildFile section */

/* Begin PBXContainerItemProxy section */
		1FD128F424E80679007B42DF /* PBXContainerItemProxy */ = {
			isa = PBXContainerItemProxy;
			containerPortal = 1FD128D524E80677007B42DF /* Project object */;
			proxyType = 1;
			remoteGlobalIDString = 1FD128DC24E80677007B42DF;
			remoteInfo = CurrencyConverter;
		};
		1FD128FF24E80679007B42DF /* PBXContainerItemProxy */ = {
			isa = PBXContainerItemProxy;
			containerPortal = 1FD128D524E80677007B42DF /* Project object */;
			proxyType = 1;
			remoteGlobalIDString = 1FD128DC24E80677007B42DF;
			remoteInfo = CurrencyConverter;
		};
/* End PBXContainerItemProxy section */

/* Begin PBXFileReference section */
		1FD128DD24E80677007B42DF /* CurrencyConverter.app */ = {isa = PBXFileReference; explicitFileType = wrapper.application; includeInIndex = 0; path = CurrencyConverter.app; sourceTree = BUILT_PRODUCTS_DIR; };
		1FD128E024E80677007B42DF /* AppDelegate.swift */ = {isa = PBXFileReference; lastKnownFileType = sourcecode.swift; path = AppDelegate.swift; sourceTree = "<group>"; };
		1FD128E224E80677007B42DF /* SceneDelegate.swift */ = {isa = PBXFileReference; lastKnownFileType = sourcecode.swift; path = SceneDelegate.swift; sourceTree = "<group>"; };
		1FD128E424E80677007B42DF /* ContentView.swift */ = {isa = PBXFileReference; lastKnownFileType = sourcecode.swift; path = ContentView.swift; sourceTree = "<group>"; };
		1FD128E624E80679007B42DF /* Assets.xcassets */ = {isa = PBXFileReference; lastKnownFileType = folder.assetcatalog; path = Assets.xcassets; sourceTree = "<group>"; };
		1FD128E924E80679007B42DF /* Preview Assets.xcassets */ = {isa = PBXFileReference; lastKnownFileType = folder.assetcatalog; path = "Preview Assets.xcassets"; sourceTree = "<group>"; };
		1FD128EC24E80679007B42DF /* Base */ = {isa = PBXFileReference; lastKnownFileType = file.storyboard; name = Base; path = Base.lproj/LaunchScreen.storyboard; sourceTree = "<group>"; };
		1FD128EE24E80679007B42DF /* Info.plist */ = {isa = PBXFileReference; lastKnownFileType = text.plist.xml; path = Info.plist; sourceTree = "<group>"; };
		1FD128F324E80679007B42DF /* CurrencyConverterTests.xctest */ = {isa = PBXFileReference; explicitFileType = wrapper.cfbundle; includeInIndex = 0; path = CurrencyConverterTests.xctest; sourceTree = BUILT_PRODUCTS_DIR; };
		1FD128F724E80679007B42DF /* CurrencyConverterTests.swift */ = {isa = PBXFileReference; lastKnownFileType = sourcecode.swift; path = CurrencyConverterTests.swift; sourceTree = "<group>"; };
		1FD128F924E80679007B42DF /* Info.plist */ = {isa = PBXFileReference; lastKnownFileType = text.plist.xml; path = Info.plist; sourceTree = "<group>"; };
		1FD128FE24E80679007B42DF /* CurrencyConverterUITests.xctest */ = {isa = PBXFileReference; explicitFileType = wrapper.cfbundle; includeInIndex = 0; path = CurrencyConverterUITests.xctest; sourceTree = BUILT_PRODUCTS_DIR; };
		1FD1290224E80679007B42DF /* CurrencyConverterUITests.swift */ = {isa = PBXFileReference; lastKnownFileType = sourcecode.swift; path = CurrencyConverterUITests.swift; sourceTree = "<group>"; };
		1FD1290424E80679007B42DF /* Info.plist */ = {isa = PBXFileReference; lastKnownFileType = text.plist.xml; path = Info.plist; sourceTree = "<group>"; };
/* End PBXFileReference section */

/* Begin PBXFrameworksBuildPhase section */
		1FD128DA24E80677007B42DF /* Frameworks */ = {
			isa = PBXFrameworksBuildPhase;
			buildActionMask = 2147483647;
			files = (
				E477BDCE2514C2E1006903AF /* TinyNetworking in Frameworks */,
			);
			runOnlyForDeploymentPostprocessing = 0;
		};
		1FD128F024E80679007B42DF /* Frameworks */ = {
			isa = PBXFrameworksBuildPhase;
			buildActionMask = 2147483647;
			files = (
			);
			runOnlyForDeploymentPostprocessing = 0;
		};
		1FD128FB24E80679007B42DF /* Frameworks */ = {
			isa = PBXFrameworksBuildPhase;
			buildActionMask = 2147483647;
			files = (
			);
			runOnlyForDeploymentPostprocessing = 0;
		};
/* End PBXFrameworksBuildPhase section */

/* Begin PBXGroup section */
		1FD128D424E80677007B42DF = {
			isa = PBXGroup;
			children = (
				1FD128DF24E80677007B42DF /* CurrencyConverter */,
				1FD128F624E80679007B42DF /* CurrencyConverterTests */,
				1FD1290124E80679007B42DF /* CurrencyConverterUITests */,
				1FD128DE24E80677007B42DF /* Products */,
			);
			sourceTree = "<group>";
		};
		1FD128DE24E80677007B42DF /* Products */ = {
			isa = PBXGroup;
			children = (
				1FD128DD24E80677007B42DF /* CurrencyConverter.app */,
				1FD128F324E80679007B42DF /* CurrencyConverterTests.xctest */,
				1FD128FE24E80679007B42DF /* CurrencyConverterUITests.xctest */,
			);
			name = Products;
			sourceTree = "<group>";
		};
		1FD128DF24E80677007B42DF /* CurrencyConverter */ = {
			isa = PBXGroup;
			children = (
				1FD128E024E80677007B42DF /* AppDelegate.swift */,
				1FD128E224E80677007B42DF /* SceneDelegate.swift */,
				1FD128E424E80677007B42DF /* ContentView.swift */,
				1FD128E624E80679007B42DF /* Assets.xcassets */,
				1FD128EB24E80679007B42DF /* LaunchScreen.storyboard */,
				1FD128EE24E80679007B42DF /* Info.plist */,
				1FD128E824E80679007B42DF /* Preview Content */,
			);
			path = CurrencyConverter;
			sourceTree = "<group>";
		};
		1FD128E824E80679007B42DF /* Preview Content */ = {
			isa = PBXGroup;
			children = (
				1FD128E924E80679007B42DF /* Preview Assets.xcassets */,
			);
			path = "Preview Content";
			sourceTree = "<group>";
		};
		1FD128F624E80679007B42DF /* CurrencyConverterTests */ = {
			isa = PBXGroup;
			children = (
				1FD128F724E80679007B42DF /* CurrencyConverterTests.swift */,
				1FD128F924E80679007B42DF /* Info.plist */,
			);
			path = CurrencyConverterTests;
			sourceTree = "<group>";
		};
		1FD1290124E80679007B42DF /* CurrencyConverterUITests */ = {
			isa = PBXGroup;
			children = (
				1FD1290224E80679007B42DF /* CurrencyConverterUITests.swift */,
				1FD1290424E80679007B42DF /* Info.plist */,
			);
			path = CurrencyConverterUITests;
			sourceTree = "<group>";
		};
/* End PBXGroup section */

/* Begin PBXNativeTarget section */
		1FD128DC24E80677007B42DF /* CurrencyConverter */ = {
			isa = PBXNativeTarget;
			buildConfigurationList = 1FD1290724E80679007B42DF /* Build configuration list for PBXNativeTarget "CurrencyConverter" */;
			buildPhases = (
				1FD128D924E80677007B42DF /* Sources */,
				1FD128DA24E80677007B42DF /* Frameworks */,
				1FD128DB24E80677007B42DF /* Resources */,
			);
			buildRules = (
			);
			dependencies = (
			);
			name = CurrencyConverter;
			packageProductDependencies = (
				E477BDCD2514C2E1006903AF /* TinyNetworking */,
			);
			productName = CurrencyConverter;
			productReference = 1FD128DD24E80677007B42DF /* CurrencyConverter.app */;
			productType = "com.apple.product-type.application";
		};
		1FD128F224E80679007B42DF /* CurrencyConverterTests */ = {
			isa = PBXNativeTarget;
			buildConfigurationList = 1FD1290A24E80679007B42DF /* Build configuration list for PBXNativeTarget "CurrencyConverterTests" */;
			buildPhases = (
				1FD128EF24E80679007B42DF /* Sources */,
				1FD128F024E80679007B42DF /* Frameworks */,
				1FD128F124E80679007B42DF /* Resources */,
			);
			buildRules = (
			);
			dependencies = (
				1FD128F524E80679007B42DF /* PBXTargetDependency */,
			);
			name = CurrencyConverterTests;
			productName = CurrencyConverterTests;
			productReference = 1FD128F324E80679007B42DF /* CurrencyConverterTests.xctest */;
			productType = "com.apple.product-type.bundle.unit-test";
		};
		1FD128FD24E80679007B42DF /* CurrencyConverterUITests */ = {
			isa = PBXNativeTarget;
			buildConfigurationList = 1FD1290D24E80679007B42DF /* Build configuration list for PBXNativeTarget "CurrencyConverterUITests" */;
			buildPhases = (
				1FD128FA24E80679007B42DF /* Sources */,
				1FD128FB24E80679007B42DF /* Frameworks */,
				1FD128FC24E80679007B42DF /* Resources */,
			);
			buildRules = (
			);
			dependencies = (
				1FD1290024E80679007B42DF /* PBXTargetDependency */,
			);
			name = CurrencyConverterUITests;
			productName = CurrencyConverterUITests;
			productReference = 1FD128FE24E80679007B42DF /* CurrencyConverterUITests.xctest */;
			productType = "com.apple.product-type.bundle.ui-testing";
		};
/* End PBXNativeTarget section */

/* Begin PBXProject section */
		1FD128D524E80677007B42DF /* Project object */ = {
			isa = PBXProject;
			attributes = {
				LastSwiftUpdateCheck = 1160;
				LastUpgradeCheck = 1160;
				ORGANIZATIONNAME = "Mohit Anand";
				TargetAttributes = {
					1FD128DC24E80677007B42DF = {
						CreatedOnToolsVersion = 11.6;
					};
					1FD128F224E80679007B42DF = {
						CreatedOnToolsVersion = 11.6;
						TestTargetID = 1FD128DC24E80677007B42DF;
					};
					1FD128FD24E80679007B42DF = {
						CreatedOnToolsVersion = 11.6;
						TestTargetID = 1FD128DC24E80677007B42DF;
					};
				};
			};
			buildConfigurationList = 1FD128D824E80677007B42DF /* Build configuration list for PBXProject "CurrencyConverter" */;
			compatibilityVersion = "Xcode 9.3";
			developmentRegion = en;
			hasScannedForEncodings = 0;
			knownRegions = (
				en,
				Base,
			);
			mainGroup = 1FD128D424E80677007B42DF;
			packageReferences = (
				E477BDCC2514C2E1006903AF /* XCRemoteSwiftPackageReference "tiny-networking" */,
			);
			productRefGroup = 1FD128DE24E80677007B42DF /* Products */;
			projectDirPath = "";
			projectRoot = "";
			targets = (
				1FD128DC24E80677007B42DF /* CurrencyConverter */,
				1FD128F224E80679007B42DF /* CurrencyConverterTests */,
				1FD128FD24E80679007B42DF /* CurrencyConverterUITests */,
			);
		};
/* End PBXProject section */

/* Begin PBXResourcesBuildPhase section */
		1FD128DB24E80677007B42DF /* Resources */ = {
			isa = PBXResourcesBuildPhase;
			buildActionMask = 2147483647;
			files = (
				1FD128ED24E80679007B42DF /* LaunchScreen.storyboard in Resources */,
				1FD128EA24E80679007B42DF /* Preview Assets.xcassets in Resources */,
				1FD128E724E80679007B42DF /* Assets.xcassets in Resources */,
			);
			runOnlyForDeploymentPostprocessing = 0;
		};
		1FD128F124E80679007B42DF /* Resources */ = {
			isa = PBXResourcesBuildPhase;
			buildActionMask = 2147483647;
			files = (
			);
			runOnlyForDeploymentPostprocessing = 0;
		};
		1FD128FC24E80679007B42DF /* Resources */ = {
			isa = PBXResourcesBuildPhase;
			buildActionMask = 2147483647;
			files = (
			);
			runOnlyForDeploymentPostprocessing = 0;
		};
/* End PBXResourcesBuildPhase section */

/* Begin PBXSourcesBuildPhase section */
		1FD128D924E80677007B42DF /* Sources */ = {
			isa = PBXSourcesBuildPhase;
			buildActionMask = 2147483647;
			files = (
				1FD128E124E80677007B42DF /* AppDelegate.swift in Sources */,
				1FD128E324E80677007B42DF /* SceneDelegate.swift in Sources */,
				1FD128E524E80677007B42DF /* ContentView.swift in Sources */,
			);
			runOnlyForDeploymentPostprocessing = 0;
		};
		1FD128EF24E80679007B42DF /* Sources */ = {
			isa = PBXSourcesBuildPhase;
			buildActionMask = 2147483647;
			files = (
				1FD128F824E80679007B42DF /* CurrencyConverterTests.swift in Sources */,
			);
			runOnlyForDeploymentPostprocessing = 0;
		};
		1FD128FA24E80679007B42DF /* Sources */ = {
			isa = PBXSourcesBuildPhase;
			buildActionMask = 2147483647;
			files = (
				1FD1290324E80679007B42DF /* CurrencyConverterUITests.swift in Sources */,
			);
			runOnlyForDeploymentPostprocessing = 0;
		};
/* End PBXSourcesBuildPhase section */

/* Begin PBXTargetDependency section */
		1FD128F524E80679007B42DF /* PBXTargetDependency */ = {
			isa = PBXTargetDependency;
			target = 1FD128DC24E80677007B42DF /* CurrencyConverter */;
			targetProxy = 1FD128F424E80679007B42DF /* PBXContainerItemProxy */;
		};
		1FD1290024E80679007B42DF /* PBXTargetDependency */ = {
			isa = PBXTargetDependency;
			target = 1FD128DC24E80677007B42DF /* CurrencyConverter */;
			targetProxy = 1FD128FF24E80679007B42DF /* PBXContainerItemProxy */;
		};
/* End PBXTargetDependency section */

/* Begin PBXVariantGroup section */
		1FD128EB24E80679007B42DF /* LaunchScreen.storyboard */ = {
			isa = PBXVariantGroup;
			children = (
				1FD128EC24E80679007B42DF /* Base */,
			);
			name = LaunchScreen.storyboard;
			sourceTree = "<group>";
		};
/* End PBXVariantGroup section */

/* Begin XCBuildConfiguration section */
		1FD1290524E80679007B42DF /* Debug */ = {
			isa = XCBuildConfiguration;
			buildSettings = {
				ALWAYS_SEARCH_USER_PATHS = NO;
				CLANG_ANALYZER_NONNULL = YES;
				CLANG_ANALYZER_NUMBER_OBJECT_CONVERSION = YES_AGGRESSIVE;
				CLANG_CXX_LANGUAGE_STANDARD = "gnu++14";
				CLANG_CXX_LIBRARY = "libc++";
				CLANG_ENABLE_MODULES = YES;
				CLANG_ENABLE_OBJC_ARC = YES;
				CLANG_ENABLE_OBJC_WEAK = YES;
				CLANG_WARN_BLOCK_CAPTURE_AUTORELEASING = YES;
				CLANG_WARN_BOOL_CONVERSION = YES;
				CLANG_WARN_COMMA = YES;
				CLANG_WARN_CONSTANT_CONVERSION = YES;
				CLANG_WARN_DEPRECATED_OBJC_IMPLEMENTATIONS = YES;
				CLANG_WARN_DIRECT_OBJC_ISA_USAGE = YES_ERROR;
				CLANG_WARN_DOCUMENTATION_COMMENTS = YES;
				CLANG_WARN_EMPTY_BODY = YES;
				CLANG_WARN_ENUM_CONVERSION = YES;
				CLANG_WARN_INFINITE_RECURSION = YES;
				CLANG_WARN_INT_CONVERSION = YES;
				CLANG_WARN_NON_LITERAL_NULL_CONVERSION = YES;
				CLANG_WARN_OBJC_IMPLICIT_RETAIN_SELF = YES;
				CLANG_WARN_OBJC_LITERAL_CONVERSION = YES;
				CLANG_WARN_OBJC_ROOT_CLASS = YES_ERROR;
				CLANG_WARN_RANGE_LOOP_ANALYSIS = YES;
				CLANG_WARN_STRICT_PROTOTYPES = YES;
				CLANG_WARN_SUSPICIOUS_MOVE = YES;
				CLANG_WARN_UNGUARDED_AVAILABILITY = YES_AGGRESSIVE;
				CLANG_WARN_UNREACHABLE_CODE = YES;
				CLANG_WARN__DUPLICATE_METHOD_MATCH = YES;
				COPY_PHASE_STRIP = NO;
				DEBUG_INFORMATION_FORMAT = dwarf;
				ENABLE_STRICT_OBJC_MSGSEND = YES;
				ENABLE_TESTABILITY = YES;
				GCC_C_LANGUAGE_STANDARD = gnu11;
				GCC_DYNAMIC_NO_PIC = NO;
				GCC_NO_COMMON_BLOCKS = YES;
				GCC_OPTIMIZATION_LEVEL = 0;
				GCC_PREPROCESSOR_DEFINITIONS = (
					"DEBUG=1",
					"$(inherited)",
				);
				GCC_WARN_64_TO_32_BIT_CONVERSION = YES;
				GCC_WARN_ABOUT_RETURN_TYPE = YES_ERROR;
				GCC_WARN_UNDECLARED_SELECTOR = YES;
				GCC_WARN_UNINITIALIZED_AUTOS = YES_AGGRESSIVE;
				GCC_WARN_UNUSED_FUNCTION = YES;
				GCC_WARN_UNUSED_VARIABLE = YES;
				IPHONEOS_DEPLOYMENT_TARGET = 13.6;
				MTL_ENABLE_DEBUG_INFO = INCLUDE_SOURCE;
				MTL_FAST_MATH = YES;
				ONLY_ACTIVE_ARCH = YES;
				SDKROOT = iphoneos;
				SWIFT_ACTIVE_COMPILATION_CONDITIONS = DEBUG;
				SWIFT_OPTIMIZATION_LEVEL = "-Onone";
			};
			name = Debug;
		};
		1FD1290624E80679007B42DF /* Release */ = {
			isa = XCBuildConfiguration;
			buildSettings = {
				ALWAYS_SEARCH_USER_PATHS = NO;
				CLANG_ANALYZER_NONNULL = YES;
				CLANG_ANALYZER_NUMBER_OBJECT_CONVERSION = YES_AGGRESSIVE;
				CLANG_CXX_LANGUAGE_STANDARD = "gnu++14";
				CLANG_CXX_LIBRARY = "libc++";
				CLANG_ENABLE_MODULES = YES;
				CLANG_ENABLE_OBJC_ARC = YES;
				CLANG_ENABLE_OBJC_WEAK = YES;
				CLANG_WARN_BLOCK_CAPTURE_AUTORELEASING = YES;
				CLANG_WARN_BOOL_CONVERSION = YES;
				CLANG_WARN_COMMA = YES;
				CLANG_WARN_CONSTANT_CONVERSION = YES;
				CLANG_WARN_DEPRECATED_OBJC_IMPLEMENTATIONS = YES;
				CLANG_WARN_DIRECT_OBJC_ISA_USAGE = YES_ERROR;
				CLANG_WARN_DOCUMENTATION_COMMENTS = YES;
				CLANG_WARN_EMPTY_BODY = YES;
				CLANG_WARN_ENUM_CONVERSION = YES;
				CLANG_WARN_INFINITE_RECURSION = YES;
				CLANG_WARN_INT_CONVERSION = YES;
				CLANG_WARN_NON_LITERAL_NULL_CONVERSION = YES;
				CLANG_WARN_OBJC_IMPLICIT_RETAIN_SELF = YES;
				CLANG_WARN_OBJC_LITERAL_CONVERSION = YES;
				CLANG_WARN_OBJC_ROOT_CLASS = YES_ERROR;
				CLANG_WARN_RANGE_LOOP_ANALYSIS = YES;
				CLANG_WARN_STRICT_PROTOTYPES = YES;
				CLANG_WARN_SUSPICIOUS_MOVE = YES;
				CLANG_WARN_UNGUARDED_AVAILABILITY = YES_AGGRESSIVE;
				CLANG_WARN_UNREACHABLE_CODE = YES;
				CLANG_WARN__DUPLICATE_METHOD_MATCH = YES;
				COPY_PHASE_STRIP = NO;
				DEBUG_INFORMATION_FORMAT = "dwarf-with-dsym";
				ENABLE_NS_ASSERTIONS = NO;
				ENABLE_STRICT_OBJC_MSGSEND = YES;
				GCC_C_LANGUAGE_STANDARD = gnu11;
				GCC_NO_COMMON_BLOCKS = YES;
				GCC_WARN_64_TO_32_BIT_CONVERSION = YES;
				GCC_WARN_ABOUT_RETURN_TYPE = YES_ERROR;
				GCC_WARN_UNDECLARED_SELECTOR = YES;
				GCC_WARN_UNINITIALIZED_AUTOS = YES_AGGRESSIVE;
				GCC_WARN_UNUSED_FUNCTION = YES;
				GCC_WARN_UNUSED_VARIABLE = YES;
				IPHONEOS_DEPLOYMENT_TARGET = 13.6;
				MTL_ENABLE_DEBUG_INFO = NO;
				MTL_FAST_MATH = YES;
				SDKROOT = iphoneos;
				SWIFT_COMPILATION_MODE = wholemodule;
				SWIFT_OPTIMIZATION_LEVEL = "-O";
				VALIDATE_PRODUCT = YES;
			};
			name = Release;
		};
		1FD1290824E80679007B42DF /* Debug */ = {
			isa = XCBuildConfiguration;
			buildSettings = {
				ASSETCATALOG_COMPILER_APPICON_NAME = AppIcon;
				CODE_SIGN_STYLE = Automatic;
				DEVELOPMENT_ASSET_PATHS = "\"CurrencyConverter/Preview Content\"";
				DEVELOPMENT_TEAM = GN5CNTGGKX;
				ENABLE_PREVIEWS = YES;
				INFOPLIST_FILE = CurrencyConverter/Info.plist;
				LD_RUNPATH_SEARCH_PATHS = (
					"$(inherited)",
					"@executable_path/Frameworks",
				);
				PRODUCT_BUNDLE_IDENTIFIER = com.mohitnnd.swiftUI.CurrencyConverter;
				PRODUCT_NAME = "$(TARGET_NAME)";
				SWIFT_VERSION = 5.0;
				TARGETED_DEVICE_FAMILY = "1,2";
			};
			name = Debug;
		};
		1FD1290924E80679007B42DF /* Release */ = {
			isa = XCBuildConfiguration;
			buildSettings = {
				ASSETCATALOG_COMPILER_APPICON_NAME = AppIcon;
				CODE_SIGN_STYLE = Automatic;
				DEVELOPMENT_ASSET_PATHS = "\"CurrencyConverter/Preview Content\"";
				DEVELOPMENT_TEAM = GN5CNTGGKX;
				ENABLE_PREVIEWS = YES;
				INFOPLIST_FILE = CurrencyConverter/Info.plist;
				LD_RUNPATH_SEARCH_PATHS = (
					"$(inherited)",
					"@executable_path/Frameworks",
				);
				PRODUCT_BUNDLE_IDENTIFIER = com.mohitnnd.swiftUI.CurrencyConverter;
				PRODUCT_NAME = "$(TARGET_NAME)";
				SWIFT_VERSION = 5.0;
				TARGETED_DEVICE_FAMILY = "1,2";
			};
			name = Release;
		};
		1FD1290B24E80679007B42DF /* Debug */ = {
			isa = XCBuildConfiguration;
			buildSettings = {
				ALWAYS_EMBED_SWIFT_STANDARD_LIBRARIES = YES;
				BUNDLE_LOADER = "$(TEST_HOST)";
				CODE_SIGN_STYLE = Automatic;
				DEVELOPMENT_TEAM = GN5CNTGGKX;
				INFOPLIST_FILE = CurrencyConverterTests/Info.plist;
				IPHONEOS_DEPLOYMENT_TARGET = 13.6;
				LD_RUNPATH_SEARCH_PATHS = (
					"$(inherited)",
					"@executable_path/Frameworks",
					"@loader_path/Frameworks",
				);
				PRODUCT_BUNDLE_IDENTIFIER = com.mohitnnd.swiftUI.CurrencyConverterTests;
				PRODUCT_NAME = "$(TARGET_NAME)";
				SWIFT_VERSION = 5.0;
				TARGETED_DEVICE_FAMILY = "1,2";
				TEST_HOST = "$(BUILT_PRODUCTS_DIR)/CurrencyConverter.app/CurrencyConverter";
			};
			name = Debug;
		};
		1FD1290C24E80679007B42DF /* Release */ = {
			isa = XCBuildConfiguration;
			buildSettings = {
				ALWAYS_EMBED_SWIFT_STANDARD_LIBRARIES = YES;
				BUNDLE_LOADER = "$(TEST_HOST)";
				CODE_SIGN_STYLE = Automatic;
				DEVELOPMENT_TEAM = GN5CNTGGKX;
				INFOPLIST_FILE = CurrencyConverterTests/Info.plist;
				IPHONEOS_DEPLOYMENT_TARGET = 13.6;
				LD_RUNPATH_SEARCH_PATHS = (
					"$(inherited)",
					"@executable_path/Frameworks",
					"@loader_path/Frameworks",
				);
				PRODUCT_BUNDLE_IDENTIFIER = com.mohitnnd.swiftUI.CurrencyConverterTests;
				PRODUCT_NAME = "$(TARGET_NAME)";
				SWIFT_VERSION = 5.0;
				TARGETED_DEVICE_FAMILY = "1,2";
				TEST_HOST = "$(BUILT_PRODUCTS_DIR)/CurrencyConverter.app/CurrencyConverter";
			};
			name = Release;
		};
		1FD1290E24E80679007B42DF /* Debug */ = {
			isa = XCBuildConfiguration;
			buildSettings = {
				ALWAYS_EMBED_SWIFT_STANDARD_LIBRARIES = YES;
				CODE_SIGN_STYLE = Automatic;
				DEVELOPMENT_TEAM = GN5CNTGGKX;
				INFOPLIST_FILE = CurrencyConverterUITests/Info.plist;
				LD_RUNPATH_SEARCH_PATHS = (
					"$(inherited)",
					"@executable_path/Frameworks",
					"@loader_path/Frameworks",
				);
				PRODUCT_BUNDLE_IDENTIFIER = com.mohitnnd.swiftUI.CurrencyConverterUITests;
				PRODUCT_NAME = "$(TARGET_NAME)";
				SWIFT_VERSION = 5.0;
				TARGETED_DEVICE_FAMILY = "1,2";
				TEST_TARGET_NAME = CurrencyConverter;
			};
			name = Debug;
		};
		1FD1290F24E80679007B42DF /* Release */ = {
			isa = XCBuildConfiguration;
			buildSettings = {
				ALWAYS_EMBED_SWIFT_STANDARD_LIBRARIES = YES;
				CODE_SIGN_STYLE = Automatic;
				DEVELOPMENT_TEAM = GN5CNTGGKX;
				INFOPLIST_FILE = CurrencyConverterUITests/Info.plist;
				LD_RUNPATH_SEARCH_PATHS = (
					"$(inherited)",
					"@executable_path/Frameworks",
					"@loader_path/Frameworks",
				);
				PRODUCT_BUNDLE_IDENTIFIER = com.mohitnnd.swiftUI.CurrencyConverterUITests;
				PRODUCT_NAME = "$(TARGET_NAME)";
				SWIFT_VERSION = 5.0;
				TARGETED_DEVICE_FAMILY = "1,2";
				TEST_TARGET_NAME = CurrencyConverter;
			};
			name = Release;
		};
/* End XCBuildConfiguration section */

/* Begin XCConfigurationList section */
		1FD128D824E80677007B42DF /* Build configuration list for PBXProject "CurrencyConverter" */ = {
			isa = XCConfigurationList;
			buildConfigurations = (
				1FD1290524E80679007B42DF /* Debug */,
				1FD1290624E80679007B42DF /* Release */,
			);
			defaultConfigurationIsVisible = 0;
			defaultConfigurationName = Release;
		};
		1FD1290724E80679007B42DF /* Build configuration list for PBXNativeTarget "CurrencyConverter" */ = {
			isa = XCConfigurationList;
			buildConfigurations = (
				1FD1290824E80679007B42DF /* Debug */,
				1FD1290924E80679007B42DF /* Release */,
			);
			defaultConfigurationIsVisible = 0;
			defaultConfigurationName = Release;
		};
		1FD1290A24E80679007B42DF /* Build configuration list for PBXNativeTarget "CurrencyConverterTests" */ = {
			isa = XCConfigurationList;
			buildConfigurations = (
				1FD1290B24E80679007B42DF /* Debug */,
				1FD1290C24E80679007B42DF /* Release */,
			);
			defaultConfigurationIsVisible = 0;
			defaultConfigurationName = Release;
		};
		1FD1290D24E80679007B42DF /* Build configuration list for PBXNativeTarget "CurrencyConverterUITests" */ = {
			isa = XCConfigurationList;
			buildConfigurations = (
				1FD1290E24E80679007B42DF /* Debug */,
				1FD1290F24E80679007B42DF /* Release */,
			);
			defaultConfigurationIsVisible = 0;
			defaultConfigurationName = Release;
		};
/* End XCConfigurationList section */

/* Begin XCRemoteSwiftPackageReference section */
		E477BDCC2514C2E1006903AF /* XCRemoteSwiftPackageReference "tiny-networking" */ = {
			isa = XCRemoteSwiftPackageReference;
			repositoryURL = "https://github.com/objcio/tiny-networking";
			requirement = {
				kind = upToNextMajorVersion;
				minimumVersion = 0.4.1;
			};
		};
/* End XCRemoteSwiftPackageReference section */

/* Begin XCSwiftPackageProductDependency section */
		E477BDCD2514C2E1006903AF /* TinyNetworking */ = {
			isa = XCSwiftPackageProductDependency;
			package = E477BDCC2514C2E1006903AF /* XCRemoteSwiftPackageReference "tiny-networking" */;
			productName = TinyNetworking;
		};
/* End XCSwiftPackageProductDependency section */
	};
	rootObject = 1FD128D524E80677007B42DF /* Project object */;
}
