// !$*UTF8*$!
{
	archiveVersion = 1;
	classes = {
	};
	objectVersion = 50;
	objects = {

/* Begin PBXBuildFile section */
		E4D9D7872562A17A007C0EF8 /* SwiftUIEssentialsApp.swift in Sources */ = {isa = PBXBuildFile; fileRef = E4D9D7862562A17A007C0EF8 /* SwiftUIEssentialsApp.swift */; };
		E4D9D7892562A17A007C0EF8 /* ContentView.swift in Sources */ = {isa = PBXBuildFile; fileRef = E4D9D7882562A17A007C0EF8 /* ContentView.swift */; };
		E4D9D78B2562A17C007C0EF8 /* Assets.xcassets in Resources */ = {isa = PBXBuildFile; fileRef = E4D9D78A2562A17C007C0EF8 /* Assets.xcassets */; };
		E4D9D78E2562A17C007C0EF8 /* Preview Assets.xcassets in Resources */ = {isa = PBXBuildFile; fileRef = E4D9D78D2562A17C007C0EF8 /* Preview Assets.xcassets */; };
		E4D9D7992562A17D007C0EF8 /* SwiftUIEssentialsTests.swift in Sources */ = {isa = PBXBuildFile; fileRef = E4D9D7982562A17D007C0EF8 /* SwiftUIEssentialsTests.swift */; };
		E4D9D7A42562A17D007C0EF8 /* SwiftUIEssentialsUITests.swift in Sources */ = {isa = PBXBuildFile; fileRef = E4D9D7A32562A17D007C0EF8 /* SwiftUIEssentialsUITests.swift */; };
		E4D9D7B52562ABB2007C0EF8 /* CircleImage.swift in Sources */ = {isa = PBXBuildFile; fileRef = E4D9D7B42562ABB2007C0EF8 /* CircleImage.swift */; };
		E4D9D7BA2562AE15007C0EF8 /* MapView.swift in Sources */ = {isa = PBXBuildFile; fileRef = E4D9D7B92562AE15007C0EF8 /* MapView.swift */; };
/* End PBXBuildFile section */

/* Begin PBXContainerItemProxy section */
		E4D9D7952562A17D007C0EF8 /* PBXContainerItemProxy */ = {
			isa = PBXContainerItemProxy;
			containerPortal = E4D9D77B2562A17A007C0EF8 /* Project object */;
			proxyType = 1;
			remoteGlobalIDString = E4D9D7822562A17A007C0EF8;
			remoteInfo = SwiftUIEssentials;
		};
		E4D9D7A02562A17D007C0EF8 /* PBXContainerItemProxy */ = {
			isa = PBXContainerItemProxy;
			containerPortal = E4D9D77B2562A17A007C0EF8 /* Project object */;
			proxyType = 1;
			remoteGlobalIDString = E4D9D7822562A17A007C0EF8;
			remoteInfo = SwiftUIEssentials;
		};
/* End PBXContainerItemProxy section */

/* Begin PBXFileReference section */
		E4D9D7832562A17A007C0EF8 /* SwiftUIEssentials.app */ = {isa = PBXFileReference; explicitFileType = wrapper.application; includeInIndex = 0; path = SwiftUIEssentials.app; sourceTree = BUILT_PRODUCTS_DIR; };
		E4D9D7862562A17A007C0EF8 /* SwiftUIEssentialsApp.swift */ = {isa = PBXFileReference; lastKnownFileType = sourcecode.swift; path = SwiftUIEssentialsApp.swift; sourceTree = "<group>"; };
		E4D9D7882562A17A007C0EF8 /* ContentView.swift */ = {isa = PBXFileReference; lastKnownFileType = sourcecode.swift; path = ContentView.swift; sourceTree = "<group>"; };
		E4D9D78A2562A17C007C0EF8 /* Assets.xcassets */ = {isa = PBXFileReference; lastKnownFileType = folder.assetcatalog; path = Assets.xcassets; sourceTree = "<group>"; };
		E4D9D78D2562A17C007C0EF8 /* Preview Assets.xcassets */ = {isa = PBXFileReference; lastKnownFileType = folder.assetcatalog; path = "Preview Assets.xcassets"; sourceTree = "<group>"; };
		E4D9D78F2562A17C007C0EF8 /* Info.plist */ = {isa = PBXFileReference; lastKnownFileType = text.plist.xml; path = Info.plist; sourceTree = "<group>"; };
		E4D9D7942562A17D007C0EF8 /* SwiftUIEssentialsTests.xctest */ = {isa = PBXFileReference; explicitFileType = wrapper.cfbundle; includeInIndex = 0; path = SwiftUIEssentialsTests.xctest; sourceTree = BUILT_PRODUCTS_DIR; };
		E4D9D7982562A17D007C0EF8 /* SwiftUIEssentialsTests.swift */ = {isa = PBXFileReference; lastKnownFileType = sourcecode.swift; path = SwiftUIEssentialsTests.swift; sourceTree = "<group>"; };
		E4D9D79A2562A17D007C0EF8 /* Info.plist */ = {isa = PBXFileReference; lastKnownFileType = text.plist.xml; path = Info.plist; sourceTree = "<group>"; };
		E4D9D79F2562A17D007C0EF8 /* SwiftUIEssentialsUITests.xctest */ = {isa = PBXFileReference; explicitFileType = wrapper.cfbundle; includeInIndex = 0; path = SwiftUIEssentialsUITests.xctest; sourceTree = BUILT_PRODUCTS_DIR; };
		E4D9D7A32562A17D007C0EF8 /* SwiftUIEssentialsUITests.swift */ = {isa = PBXFileReference; lastKnownFileType = sourcecode.swift; path = SwiftUIEssentialsUITests.swift; sourceTree = "<group>"; };
		E4D9D7A52562A17D007C0EF8 /* Info.plist */ = {isa = PBXFileReference; lastKnownFileType = text.plist.xml; path = Info.plist; sourceTree = "<group>"; };
		E4D9D7B42562ABB2007C0EF8 /* CircleImage.swift */ = {isa = PBXFileReference; lastKnownFileType = sourcecode.swift; path = CircleImage.swift; sourceTree = "<group>"; };
		E4D9D7B92562AE15007C0EF8 /* MapView.swift */ = {isa = PBXFileReference; lastKnownFileType = sourcecode.swift; path = MapView.swift; sourceTree = "<group>"; };
/* End PBXFileReference section */

/* Begin PBXFrameworksBuildPhase section */
		E4D9D7802562A17A007C0EF8 /* Frameworks */ = {
			isa = PBXFrameworksBuildPhase;
			buildActionMask = 2147483647;
			files = (
			);
			runOnlyForDeploymentPostprocessing = 0;
		};
		E4D9D7912562A17D007C0EF8 /* Frameworks */ = {
			isa = PBXFrameworksBuildPhase;
			buildActionMask = 2147483647;
			files = (
			);
			runOnlyForDeploymentPostprocessing = 0;
		};
		E4D9D79C2562A17D007C0EF8 /* Frameworks */ = {
			isa = PBXFrameworksBuildPhase;
			buildActionMask = 2147483647;
			files = (
			);
			runOnlyForDeploymentPostprocessing = 0;
		};
/* End PBXFrameworksBuildPhase section */

/* Begin PBXGroup section */
		E4D9D77A2562A17A007C0EF8 = {
			isa = PBXGroup;
			children = (
				E4D9D7852562A17A007C0EF8 /* SwiftUIEssentials */,
				E4D9D7972562A17D007C0EF8 /* SwiftUIEssentialsTests */,
				E4D9D7A22562A17D007C0EF8 /* SwiftUIEssentialsUITests */,
				E4D9D7842562A17A007C0EF8 /* Products */,
			);
			sourceTree = "<group>";
		};
		E4D9D7842562A17A007C0EF8 /* Products */ = {
			isa = PBXGroup;
			children = (
				E4D9D7832562A17A007C0EF8 /* SwiftUIEssentials.app */,
				E4D9D7942562A17D007C0EF8 /* SwiftUIEssentialsTests.xctest */,
				E4D9D79F2562A17D007C0EF8 /* SwiftUIEssentialsUITests.xctest */,
			);
			name = Products;
			sourceTree = "<group>";
		};
		E4D9D7852562A17A007C0EF8 /* SwiftUIEssentials */ = {
			isa = PBXGroup;
			children = (
				E4D9D7862562A17A007C0EF8 /* SwiftUIEssentialsApp.swift */,
				E4D9D7882562A17A007C0EF8 /* ContentView.swift */,
				E4D9D78A2562A17C007C0EF8 /* Assets.xcassets */,
				E4D9D78F2562A17C007C0EF8 /* Info.plist */,
				E4D9D78C2562A17C007C0EF8 /* Preview Content */,
				E4D9D7B42562ABB2007C0EF8 /* CircleImage.swift */,
				E4D9D7B92562AE15007C0EF8 /* MapView.swift */,
			);
			path = SwiftUIEssentials;
			sourceTree = "<group>";
		};
		E4D9D78C2562A17C007C0EF8 /* Preview Content */ = {
			isa = PBXGroup;
			children = (
				E4D9D78D2562A17C007C0EF8 /* Preview Assets.xcassets */,
			);
			path = "Preview Content";
			sourceTree = "<group>";
		};
		E4D9D7972562A17D007C0EF8 /* SwiftUIEssentialsTests */ = {
			isa = PBXGroup;
			children = (
				E4D9D7982562A17D007C0EF8 /* SwiftUIEssentialsTests.swift */,
				E4D9D79A2562A17D007C0EF8 /* Info.plist */,
			);
			path = SwiftUIEssentialsTests;
			sourceTree = "<group>";
		};
		E4D9D7A22562A17D007C0EF8 /* SwiftUIEssentialsUITests */ = {
			isa = PBXGroup;
			children = (
				E4D9D7A32562A17D007C0EF8 /* SwiftUIEssentialsUITests.swift */,
				E4D9D7A52562A17D007C0EF8 /* Info.plist */,
			);
			path = SwiftUIEssentialsUITests;
			sourceTree = "<group>";
		};
/* End PBXGroup section */

/* Begin PBXNativeTarget section */
		E4D9D7822562A17A007C0EF8 /* SwiftUIEssentials */ = {
			isa = PBXNativeTarget;
			buildConfigurationList = E4D9D7A82562A17D007C0EF8 /* Build configuration list for PBXNativeTarget "SwiftUIEssentials" */;
			buildPhases = (
				E4D9D77F2562A17A007C0EF8 /* Sources */,
				E4D9D7802562A17A007C0EF8 /* Frameworks */,
				E4D9D7812562A17A007C0EF8 /* Resources */,
			);
			buildRules = (
			);
			dependencies = (
			);
			name = SwiftUIEssentials;
			productName = SwiftUIEssentials;
			productReference = E4D9D7832562A17A007C0EF8 /* SwiftUIEssentials.app */;
			productType = "com.apple.product-type.application";
		};
		E4D9D7932562A17D007C0EF8 /* SwiftUIEssentialsTests */ = {
			isa = PBXNativeTarget;
			buildConfigurationList = E4D9D7AB2562A17D007C0EF8 /* Build configuration list for PBXNativeTarget "SwiftUIEssentialsTests" */;
			buildPhases = (
				E4D9D7902562A17D007C0EF8 /* Sources */,
				E4D9D7912562A17D007C0EF8 /* Frameworks */,
				E4D9D7922562A17D007C0EF8 /* Resources */,
			);
			buildRules = (
			);
			dependencies = (
				E4D9D7962562A17D007C0EF8 /* PBXTargetDependency */,
			);
			name = SwiftUIEssentialsTests;
			productName = SwiftUIEssentialsTests;
			productReference = E4D9D7942562A17D007C0EF8 /* SwiftUIEssentialsTests.xctest */;
			productType = "com.apple.product-type.bundle.unit-test";
		};
		E4D9D79E2562A17D007C0EF8 /* SwiftUIEssentialsUITests */ = {
			isa = PBXNativeTarget;
			buildConfigurationList = E4D9D7AE2562A17D007C0EF8 /* Build configuration list for PBXNativeTarget "SwiftUIEssentialsUITests" */;
			buildPhases = (
				E4D9D79B2562A17D007C0EF8 /* Sources */,
				E4D9D79C2562A17D007C0EF8 /* Frameworks */,
				E4D9D79D2562A17D007C0EF8 /* Resources */,
			);
			buildRules = (
			);
			dependencies = (
				E4D9D7A12562A17D007C0EF8 /* PBXTargetDependency */,
			);
			name = SwiftUIEssentialsUITests;
			productName = SwiftUIEssentialsUITests;
			productReference = E4D9D79F2562A17D007C0EF8 /* SwiftUIEssentialsUITests.xctest */;
			productType = "com.apple.product-type.bundle.ui-testing";
		};
/* End PBXNativeTarget section */

/* Begin PBXProject section */
		E4D9D77B2562A17A007C0EF8 /* Project object */ = {
			isa = PBXProject;
			attributes = {
				LastSwiftUpdateCheck = 1200;
				LastUpgradeCheck = 1200;
				TargetAttributes = {
					E4D9D7822562A17A007C0EF8 = {
						CreatedOnToolsVersion = 12.0.1;
					};
					E4D9D7932562A17D007C0EF8 = {
						CreatedOnToolsVersion = 12.0.1;
						TestTargetID = E4D9D7822562A17A007C0EF8;
					};
					E4D9D79E2562A17D007C0EF8 = {
						CreatedOnToolsVersion = 12.0.1;
						TestTargetID = E4D9D7822562A17A007C0EF8;
					};
				};
			};
			buildConfigurationList = E4D9D77E2562A17A007C0EF8 /* Build configuration list for PBXProject "SwiftUIEssentials" */;
			compatibilityVersion = "Xcode 9.3";
			developmentRegion = en;
			hasScannedForEncodings = 0;
			knownRegions = (
				en,
				Base,
			);
			mainGroup = E4D9D77A2562A17A007C0EF8;
			productRefGroup = E4D9D7842562A17A007C0EF8 /* Products */;
			projectDirPath = "";
			projectRoot = "";
			targets = (
				E4D9D7822562A17A007C0EF8 /* SwiftUIEssentials */,
				E4D9D7932562A17D007C0EF8 /* SwiftUIEssentialsTests */,
				E4D9D79E2562A17D007C0EF8 /* SwiftUIEssentialsUITests */,
			);
		};
/* End PBXProject section */

/* Begin PBXResourcesBuildPhase section */
		E4D9D7812562A17A007C0EF8 /* Resources */ = {
			isa = PBXResourcesBuildPhase;
			buildActionMask = 2147483647;
			files = (
				E4D9D78E2562A17C007C0EF8 /* Preview Assets.xcassets in Resources */,
				E4D9D78B2562A17C007C0EF8 /* Assets.xcassets in Resources */,
			);
			runOnlyForDeploymentPostprocessing = 0;
		};
		E4D9D7922562A17D007C0EF8 /* Resources */ = {
			isa = PBXResourcesBuildPhase;
			buildActionMask = 2147483647;
			files = (
			);
			runOnlyForDeploymentPostprocessing = 0;
		};
		E4D9D79D2562A17D007C0EF8 /* Resources */ = {
			isa = PBXResourcesBuildPhase;
			buildActionMask = 2147483647;
			files = (
			);
			runOnlyForDeploymentPostprocessing = 0;
		};
/* End PBXResourcesBuildPhase section */

/* Begin PBXSourcesBuildPhase section */
		E4D9D77F2562A17A007C0EF8 /* Sources */ = {
			isa = PBXSourcesBuildPhase;
			buildActionMask = 2147483647;
			files = (
				E4D9D7892562A17A007C0EF8 /* ContentView.swift in Sources */,
				E4D9D7BA2562AE15007C0EF8 /* MapView.swift in Sources */,
				E4D9D7872562A17A007C0EF8 /* SwiftUIEssentialsApp.swift in Sources */,
				E4D9D7B52562ABB2007C0EF8 /* CircleImage.swift in Sources */,
			);
			runOnlyForDeploymentPostprocessing = 0;
		};
		E4D9D7902562A17D007C0EF8 /* Sources */ = {
			isa = PBXSourcesBuildPhase;
			buildActionMask = 2147483647;
			files = (
				E4D9D7992562A17D007C0EF8 /* SwiftUIEssentialsTests.swift in Sources */,
			);
			runOnlyForDeploymentPostprocessing = 0;
		};
		E4D9D79B2562A17D007C0EF8 /* Sources */ = {
			isa = PBXSourcesBuildPhase;
			buildActionMask = 2147483647;
			files = (
				E4D9D7A42562A17D007C0EF8 /* SwiftUIEssentialsUITests.swift in Sources */,
			);
			runOnlyForDeploymentPostprocessing = 0;
		};
/* End PBXSourcesBuildPhase section */

/* Begin PBXTargetDependency section */
		E4D9D7962562A17D007C0EF8 /* PBXTargetDependency */ = {
			isa = PBXTargetDependency;
			target = E4D9D7822562A17A007C0EF8 /* SwiftUIEssentials */;
			targetProxy = E4D9D7952562A17D007C0EF8 /* PBXContainerItemProxy */;
		};
		E4D9D7A12562A17D007C0EF8 /* PBXTargetDependency */ = {
			isa = PBXTargetDependency;
			target = E4D9D7822562A17A007C0EF8 /* SwiftUIEssentials */;
			targetProxy = E4D9D7A02562A17D007C0EF8 /* PBXContainerItemProxy */;
		};
/* End PBXTargetDependency section */

/* Begin XCBuildConfiguration section */
		E4D9D7A62562A17D007C0EF8 /* Debug */ = {
			isa = XCBuildConfiguration;
			buildSettings = {
				ALWAYS_SEARCH_USER_PATHS = NO;
				CLANG_ANALYZER_NONNULL = YES;
				CLANG_ANALYZER_NUMBER_OBJECT_CONVERSION = YES_AGGRESSIVE;
				CLANG_CXX_LANGUAGE_STANDARD = "gnu++14";
				CLANG_CXX_LIBRARY = "libc++";
				CLANG_ENABLE_MODULES = YES;
				CLANG_ENABLE_OBJC_ARC = YES;
				CLANG_ENABLE_OBJC_WEAK = YES;
				CLANG_WARN_BLOCK_CAPTURE_AUTORELEASING = YES;
				CLANG_WARN_BOOL_CONVERSION = YES;
				CLANG_WARN_COMMA = YES;
				CLANG_WARN_CONSTANT_CONVERSION = YES;
				CLANG_WARN_DEPRECATED_OBJC_IMPLEMENTATIONS = YES;
				CLANG_WARN_DIRECT_OBJC_ISA_USAGE = YES_ERROR;
				CLANG_WARN_DOCUMENTATION_COMMENTS = YES;
				CLANG_WARN_EMPTY_BODY = YES;
				CLANG_WARN_ENUM_CONVERSION = YES;
				CLANG_WARN_INFINITE_RECURSION = YES;
				CLANG_WARN_INT_CONVERSION = YES;
				CLANG_WARN_NON_LITERAL_NULL_CONVERSION = YES;
				CLANG_WARN_OBJC_IMPLICIT_RETAIN_SELF = YES;
				CLANG_WARN_OBJC_LITERAL_CONVERSION = YES;
				CLANG_WARN_OBJC_ROOT_CLASS = YES_ERROR;
				CLANG_WARN_QUOTED_INCLUDE_IN_FRAMEWORK_HEADER = YES;
				CLANG_WARN_RANGE_LOOP_ANALYSIS = YES;
				CLANG_WARN_STRICT_PROTOTYPES = YES;
				CLANG_WARN_SUSPICIOUS_MOVE = YES;
				CLANG_WARN_UNGUARDED_AVAILABILITY = YES_AGGRESSIVE;
				CLANG_WARN_UNREACHABLE_CODE = YES;
				CLANG_WARN__DUPLICATE_METHOD_MATCH = YES;
				COPY_PHASE_STRIP = NO;
				DEBUG_INFORMATION_FORMAT = dwarf;
				ENABLE_STRICT_OBJC_MSGSEND = YES;
				ENABLE_TESTABILITY = YES;
				GCC_C_LANGUAGE_STANDARD = gnu11;
				GCC_DYNAMIC_NO_PIC = NO;
				GCC_NO_COMMON_BLOCKS = YES;
				GCC_OPTIMIZATION_LEVEL = 0;
				GCC_PREPROCESSOR_DEFINITIONS = (
					"DEBUG=1",
					"$(inherited)",
				);
				GCC_WARN_64_TO_32_BIT_CONVERSION = YES;
				GCC_WARN_ABOUT_RETURN_TYPE = YES_ERROR;
				GCC_WARN_UNDECLARED_SELECTOR = YES;
				GCC_WARN_UNINITIALIZED_AUTOS = YES_AGGRESSIVE;
				GCC_WARN_UNUSED_FUNCTION = YES;
				GCC_WARN_UNUSED_VARIABLE = YES;
				IPHONEOS_DEPLOYMENT_TARGET = 14.0;
				MTL_ENABLE_DEBUG_INFO = INCLUDE_SOURCE;
				MTL_FAST_MATH = YES;
				ONLY_ACTIVE_ARCH = YES;
				SDKROOT = iphoneos;
				SWIFT_ACTIVE_COMPILATION_CONDITIONS = DEBUG;
				SWIFT_OPTIMIZATION_LEVEL = "-Onone";
			};
			name = Debug;
		};
		E4D9D7A72562A17D007C0EF8 /* Release */ = {
			isa = XCBuildConfiguration;
			buildSettings = {
				ALWAYS_SEARCH_USER_PATHS = NO;
				CLANG_ANALYZER_NONNULL = YES;
				CLANG_ANALYZER_NUMBER_OBJECT_CONVERSION = YES_AGGRESSIVE;
				CLANG_CXX_LANGUAGE_STANDARD = "gnu++14";
				CLANG_CXX_LIBRARY = "libc++";
				CLANG_ENABLE_MODULES = YES;
				CLANG_ENABLE_OBJC_ARC = YES;
				CLANG_ENABLE_OBJC_WEAK = YES;
				CLANG_WARN_BLOCK_CAPTURE_AUTORELEASING = YES;
				CLANG_WARN_BOOL_CONVERSION = YES;
				CLANG_WARN_COMMA = YES;
				CLANG_WARN_CONSTANT_CONVERSION = YES;
				CLANG_WARN_DEPRECATED_OBJC_IMPLEMENTATIONS = YES;
				CLANG_WARN_DIRECT_OBJC_ISA_USAGE = YES_ERROR;
				CLANG_WARN_DOCUMENTATION_COMMENTS = YES;
				CLANG_WARN_EMPTY_BODY = YES;
				CLANG_WARN_ENUM_CONVERSION = YES;
				CLANG_WARN_INFINITE_RECURSION = YES;
				CLANG_WARN_INT_CONVERSION = YES;
				CLANG_WARN_NON_LITERAL_NULL_CONVERSION = YES;
				CLANG_WARN_OBJC_IMPLICIT_RETAIN_SELF = YES;
				CLANG_WARN_OBJC_LITERAL_CONVERSION = YES;
				CLANG_WARN_OBJC_ROOT_CLASS = YES_ERROR;
				CLANG_WARN_QUOTED_INCLUDE_IN_FRAMEWORK_HEADER = YES;
				CLANG_WARN_RANGE_LOOP_ANALYSIS = YES;
				CLANG_WARN_STRICT_PROTOTYPES = YES;
				CLANG_WARN_SUSPICIOUS_MOVE = YES;
				CLANG_WARN_UNGUARDED_AVAILABILITY = YES_AGGRESSIVE;
				CLANG_WARN_UNREACHABLE_CODE = YES;
				CLANG_WARN__DUPLICATE_METHOD_MATCH = YES;
				COPY_PHASE_STRIP = NO;
				DEBUG_INFORMATION_FORMAT = "dwarf-with-dsym";
				ENABLE_NS_ASSERTIONS = NO;
				ENABLE_STRICT_OBJC_MSGSEND = YES;
				GCC_C_LANGUAGE_STANDARD = gnu11;
				GCC_NO_COMMON_BLOCKS = YES;
				GCC_WARN_64_TO_32_BIT_CONVERSION = YES;
				GCC_WARN_ABOUT_RETURN_TYPE = YES_ERROR;
				GCC_WARN_UNDECLARED_SELECTOR = YES;
				GCC_WARN_UNINITIALIZED_AUTOS = YES_AGGRESSIVE;
				GCC_WARN_UNUSED_FUNCTION = YES;
				GCC_WARN_UNUSED_VARIABLE = YES;
				IPHONEOS_DEPLOYMENT_TARGET = 14.0;
				MTL_ENABLE_DEBUG_INFO = NO;
				MTL_FAST_MATH = YES;
				SDKROOT = iphoneos;
				SWIFT_COMPILATION_MODE = wholemodule;
				SWIFT_OPTIMIZATION_LEVEL = "-O";
				VALIDATE_PRODUCT = YES;
			};
			name = Release;
		};
		E4D9D7A92562A17D007C0EF8 /* Debug */ = {
			isa = XCBuildConfiguration;
			buildSettings = {
				ASSETCATALOG_COMPILER_APPICON_NAME = AppIcon;
				ASSETCATALOG_COMPILER_GLOBAL_ACCENT_COLOR_NAME = AccentColor;
				CODE_SIGN_STYLE = Automatic;
				DEVELOPMENT_ASSET_PATHS = "\"SwiftUIEssentials/Preview Content\"";
				DEVELOPMENT_TEAM = GN5CNTGGKX;
				ENABLE_PREVIEWS = YES;
				INFOPLIST_FILE = SwiftUIEssentials/Info.plist;
				IPHONEOS_DEPLOYMENT_TARGET = 14.0;
				LD_RUNPATH_SEARCH_PATHS = (
					"$(inherited)",
					"@executable_path/Frameworks",
				);
				PRODUCT_BUNDLE_IDENTIFIER = com.mohitnnd.SwiftUIEssentials;
				PRODUCT_NAME = "$(TARGET_NAME)";
				SWIFT_VERSION = 5.0;
				TARGETED_DEVICE_FAMILY = "1,2";
			};
			name = Debug;
		};
		E4D9D7AA2562A17D007C0EF8 /* Release */ = {
			isa = XCBuildConfiguration;
			buildSettings = {
				ASSETCATALOG_COMPILER_APPICON_NAME = AppIcon;
				ASSETCATALOG_COMPILER_GLOBAL_ACCENT_COLOR_NAME = AccentColor;
				CODE_SIGN_STYLE = Automatic;
				DEVELOPMENT_ASSET_PATHS = "\"SwiftUIEssentials/Preview Content\"";
				DEVELOPMENT_TEAM = GN5CNTGGKX;
				ENABLE_PREVIEWS = YES;
				INFOPLIST_FILE = SwiftUIEssentials/Info.plist;
				IPHONEOS_DEPLOYMENT_TARGET = 14.0;
				LD_RUNPATH_SEARCH_PATHS = (
					"$(inherited)",
					"@executable_path/Frameworks",
				);
				PRODUCT_BUNDLE_IDENTIFIER = com.mohitnnd.SwiftUIEssentials;
				PRODUCT_NAME = "$(TARGET_NAME)";
				SWIFT_VERSION = 5.0;
				TARGETED_DEVICE_FAMILY = "1,2";
			};
			name = Release;
		};
		E4D9D7AC2562A17D007C0EF8 /* Debug */ = {
			isa = XCBuildConfiguration;
			buildSettings = {
				ALWAYS_EMBED_SWIFT_STANDARD_LIBRARIES = YES;
				BUNDLE_LOADER = "$(TEST_HOST)";
				CODE_SIGN_STYLE = Automatic;
				DEVELOPMENT_TEAM = GN5CNTGGKX;
				INFOPLIST_FILE = SwiftUIEssentialsTests/Info.plist;
				IPHONEOS_DEPLOYMENT_TARGET = 14.0;
				LD_RUNPATH_SEARCH_PATHS = (
					"$(inherited)",
					"@executable_path/Frameworks",
					"@loader_path/Frameworks",
				);
				PRODUCT_BUNDLE_IDENTIFIER = com.mohitnnd.SwiftUIEssentialsTests;
				PRODUCT_NAME = "$(TARGET_NAME)";
				SWIFT_VERSION = 5.0;
				TARGETED_DEVICE_FAMILY = "1,2";
				TEST_HOST = "$(BUILT_PRODUCTS_DIR)/SwiftUIEssentials.app/SwiftUIEssentials";
			};
			name = Debug;
		};
		E4D9D7AD2562A17D007C0EF8 /* Release */ = {
			isa = XCBuildConfiguration;
			buildSettings = {
				ALWAYS_EMBED_SWIFT_STANDARD_LIBRARIES = YES;
				BUNDLE_LOADER = "$(TEST_HOST)";
				CODE_SIGN_STYLE = Automatic;
				DEVELOPMENT_TEAM = GN5CNTGGKX;
				INFOPLIST_FILE = SwiftUIEssentialsTests/Info.plist;
				IPHONEOS_DEPLOYMENT_TARGET = 14.0;
				LD_RUNPATH_SEARCH_PATHS = (
					"$(inherited)",
					"@executable_path/Frameworks",
					"@loader_path/Frameworks",
				);
				PRODUCT_BUNDLE_IDENTIFIER = com.mohitnnd.SwiftUIEssentialsTests;
				PRODUCT_NAME = "$(TARGET_NAME)";
				SWIFT_VERSION = 5.0;
				TARGETED_DEVICE_FAMILY = "1,2";
				TEST_HOST = "$(BUILT_PRODUCTS_DIR)/SwiftUIEssentials.app/SwiftUIEssentials";
			};
			name = Release;
		};
		E4D9D7AF2562A17D007C0EF8 /* Debug */ = {
			isa = XCBuildConfiguration;
			buildSettings = {
				ALWAYS_EMBED_SWIFT_STANDARD_LIBRARIES = YES;
				CODE_SIGN_STYLE = Automatic;
				DEVELOPMENT_TEAM = GN5CNTGGKX;
				INFOPLIST_FILE = SwiftUIEssentialsUITests/Info.plist;
				LD_RUNPATH_SEARCH_PATHS = (
					"$(inherited)",
					"@executable_path/Frameworks",
					"@loader_path/Frameworks",
				);
				PRODUCT_BUNDLE_IDENTIFIER = com.mohitnnd.SwiftUIEssentialsUITests;
				PRODUCT_NAME = "$(TARGET_NAME)";
				SWIFT_VERSION = 5.0;
				TARGETED_DEVICE_FAMILY = "1,2";
				TEST_TARGET_NAME = SwiftUIEssentials;
			};
			name = Debug;
		};
		E4D9D7B02562A17D007C0EF8 /* Release */ = {
			isa = XCBuildConfiguration;
			buildSettings = {
				ALWAYS_EMBED_SWIFT_STANDARD_LIBRARIES = YES;
				CODE_SIGN_STYLE = Automatic;
				DEVELOPMENT_TEAM = GN5CNTGGKX;
				INFOPLIST_FILE = SwiftUIEssentialsUITests/Info.plist;
				LD_RUNPATH_SEARCH_PATHS = (
					"$(inherited)",
					"@executable_path/Frameworks",
					"@loader_path/Frameworks",
				);
				PRODUCT_BUNDLE_IDENTIFIER = com.mohitnnd.SwiftUIEssentialsUITests;
				PRODUCT_NAME = "$(TARGET_NAME)";
				SWIFT_VERSION = 5.0;
				TARGETED_DEVICE_FAMILY = "1,2";
				TEST_TARGET_NAME = SwiftUIEssentials;
			};
			name = Release;
		};
/* End XCBuildConfiguration section */

/* Begin XCConfigurationList section */
		E4D9D77E2562A17A007C0EF8 /* Build configuration list for PBXProject "SwiftUIEssentials" */ = {
			isa = XCConfigurationList;
			buildConfigurations = (
				E4D9D7A62562A17D007C0EF8 /* Debug */,
				E4D9D7A72562A17D007C0EF8 /* Release */,
			);
			defaultConfigurationIsVisible = 0;
			defaultConfigurationName = Release;
		};
		E4D9D7A82562A17D007C0EF8 /* Build configuration list for PBXNativeTarget "SwiftUIEssentials" */ = {
			isa = XCConfigurationList;
			buildConfigurations = (
				E4D9D7A92562A17D007C0EF8 /* Debug */,
				E4D9D7AA2562A17D007C0EF8 /* Release */,
			);
			defaultConfigurationIsVisible = 0;
			defaultConfigurationName = Release;
		};
		E4D9D7AB2562A17D007C0EF8 /* Build configuration list for PBXNativeTarget "SwiftUIEssentialsTests" */ = {
			isa = XCConfigurationList;
			buildConfigurations = (
				E4D9D7AC2562A17D007C0EF8 /* Debug */,
				E4D9D7AD2562A17D007C0EF8 /* Release */,
			);
			defaultConfigurationIsVisible = 0;
			defaultConfigurationName = Release;
		};
		E4D9D7AE2562A17D007C0EF8 /* Build configuration list for PBXNativeTarget "SwiftUIEssentialsUITests" */ = {
			isa = XCConfigurationList;
			buildConfigurations = (
				E4D9D7AF2562A17D007C0EF8 /* Debug */,
				E4D9D7B02562A17D007C0EF8 /* Release */,
			);
			defaultConfigurationIsVisible = 0;
			defaultConfigurationName = Release;
		};
/* End XCConfigurationList section */
	};
	rootObject = E4D9D77B2562A17A007C0EF8 /* Project object */;
}
